// !$*UTF8*$!
{
	archiveVersion = 1;
	classes = {
	};
	objectVersion = 46;
	objects = {

/* Begin PBXBuildFile section */
		39305E991C491C31006D4BB1 /* Model.swift in Sources */ = {isa = PBXBuildFile; fileRef = 39305E981C491C31006D4BB1 /* Model.swift */; };
		39305E9B1C492098006D4BB1 /* Global.swift in Sources */ = {isa = PBXBuildFile; fileRef = 39305E9A1C492098006D4BB1 /* Global.swift */; };
		393065141C495101006D4BB1 /* PmViewController.swift in Sources */ = {isa = PBXBuildFile; fileRef = 393065131C495101006D4BB1 /* PmViewController.swift */; };
		396878681C43F2C8005070C7 /* AppDelegate.swift in Sources */ = {isa = PBXBuildFile; fileRef = 396878671C43F2C8005070C7 /* AppDelegate.swift */; };
		3968786A1C43F2C8005070C7 /* ViewController.swift in Sources */ = {isa = PBXBuildFile; fileRef = 396878691C43F2C8005070C7 /* ViewController.swift */; };
		396878721C43F2C8005070C7 /* LaunchScreen.storyboard in Resources */ = {isa = PBXBuildFile; fileRef = 396878701C43F2C8005070C7 /* LaunchScreen.storyboard */; };
		3968787A1C43F304005070C7 /* libsqlite3.tbd in Frameworks */ = {isa = PBXBuildFile; fileRef = 396878791C43F304005070C7 /* libsqlite3.tbd */; };
		396878801C43F425005070C7 /* SQLiteDB.swift in Sources */ = {isa = PBXBuildFile; fileRef = 3968787D1C43F425005070C7 /* SQLiteDB.swift */; };
		396878811C43F425005070C7 /* SQLTable.swift in Sources */ = {isa = PBXBuildFile; fileRef = 3968787E1C43F425005070C7 /* SQLTable.swift */; };
		396878821C43F425005070C7 /* String-Extras.swift in Sources */ = {isa = PBXBuildFile; fileRef = 3968787F1C43F425005070C7 /* String-Extras.swift */; };
		396878841C43FA03005070C7 /* data.db in Resources */ = {isa = PBXBuildFile; fileRef = 396878831C43F8C4005070C7 /* data.db */; };
		396878861C44010A005070C7 /* Assets.xcassets in Resources */ = {isa = PBXBuildFile; fileRef = 396878851C44010A005070C7 /* Assets.xcassets */; };
		396878881C440172005070C7 /* PokemonMo.swift in Sources */ = {isa = PBXBuildFile; fileRef = 396878871C440172005070C7 /* PokemonMo.swift */; };
		39893F101C4A9C65003413A0 /* PmInfoView.swift in Sources */ = {isa = PBXBuildFile; fileRef = 39893F0F1C4A9C65003413A0 /* PmInfoView.swift */; };
/* End PBXBuildFile section */

/* Begin PBXCopyFilesBuildPhase section */
		39305D9D1C46A3E2006D4BB1 /* Embed Watch Content */ = {
			isa = PBXCopyFilesBuildPhase;
			buildActionMask = 2147483647;
			dstPath = "$(CONTENTS_FOLDER_PATH)/Watch";
			dstSubfolderSpec = 16;
			files = (
			);
			name = "Embed Watch Content";
			runOnlyForDeploymentPostprocessing = 0;
		};
/* End PBXCopyFilesBuildPhase section */

/* Begin PBXFileReference section */
		39305E981C491C31006D4BB1 /* Model.swift */ = {isa = PBXFileReference; fileEncoding = 4; lastKnownFileType = sourcecode.swift; path = Model.swift; sourceTree = "<group>"; };
		39305E9A1C492098006D4BB1 /* Global.swift */ = {isa = PBXFileReference; fileEncoding = 4; lastKnownFileType = sourcecode.swift; path = Global.swift; sourceTree = "<group>"; };
		393065131C495101006D4BB1 /* PmViewController.swift */ = {isa = PBXFileReference; fileEncoding = 4; lastKnownFileType = sourcecode.swift; path = PmViewController.swift; sourceTree = "<group>"; };
		396878641C43F2C8005070C7 /* PokeDex.app */ = {isa = PBXFileReference; explicitFileType = wrapper.application; includeInIndex = 0; path = PokeDex.app; sourceTree = BUILT_PRODUCTS_DIR; };
		396878671C43F2C8005070C7 /* AppDelegate.swift */ = {isa = PBXFileReference; lastKnownFileType = sourcecode.swift; path = AppDelegate.swift; sourceTree = "<group>"; };
		396878691C43F2C8005070C7 /* ViewController.swift */ = {isa = PBXFileReference; lastKnownFileType = sourcecode.swift; path = ViewController.swift; sourceTree = "<group>"; };
		396878711C43F2C8005070C7 /* Base */ = {isa = PBXFileReference; lastKnownFileType = file.storyboard; name = Base; path = Base.lproj/LaunchScreen.storyboard; sourceTree = "<group>"; };
		396878731C43F2C8005070C7 /* Info.plist */ = {isa = PBXFileReference; lastKnownFileType = text.plist.xml; path = Info.plist; sourceTree = "<group>"; };
		396878791C43F304005070C7 /* libsqlite3.tbd */ = {isa = PBXFileReference; lastKnownFileType = "sourcecode.text-based-dylib-definition"; name = libsqlite3.tbd; path = usr/lib/libsqlite3.tbd; sourceTree = SDKROOT; };
		3968787B1C43F360005070C7 /* Header.h */ = {isa = PBXFileReference; lastKnownFileType = sourcecode.c.h; name = Header.h; path = ../PokeDex/Header.h; sourceTree = "<group>"; };
		3968787D1C43F425005070C7 /* SQLiteDB.swift */ = {isa = PBXFileReference; fileEncoding = 4; lastKnownFileType = sourcecode.swift; path = SQLiteDB.swift; sourceTree = "<group>"; };
		3968787E1C43F425005070C7 /* SQLTable.swift */ = {isa = PBXFileReference; fileEncoding = 4; lastKnownFileType = sourcecode.swift; path = SQLTable.swift; sourceTree = "<group>"; };
		3968787F1C43F425005070C7 /* String-Extras.swift */ = {isa = PBXFileReference; fileEncoding = 4; lastKnownFileType = sourcecode.swift; path = "String-Extras.swift"; sourceTree = "<group>"; };
		396878831C43F8C4005070C7 /* data.db */ = {isa = PBXFileReference; lastKnownFileType = file; path = data.db; sourceTree = "<group>"; };
		396878851C44010A005070C7 /* Assets.xcassets */ = {isa = PBXFileReference; lastKnownFileType = folder.assetcatalog; path = Assets.xcassets; sourceTree = "<group>"; };
		396878871C440172005070C7 /* PokemonMo.swift */ = {isa = PBXFileReference; fileEncoding = 4; lastKnownFileType = sourcecode.swift; path = PokemonMo.swift; sourceTree = "<group>"; };
		39893F0F1C4A9C65003413A0 /* PmInfoView.swift */ = {isa = PBXFileReference; fileEncoding = 4; lastKnownFileType = sourcecode.swift; path = PmInfoView.swift; sourceTree = "<group>"; };
/* End PBXFileReference section */

/* Begin PBXFrameworksBuildPhase section */
		396878611C43F2C8005070C7 /* Frameworks */ = {
			isa = PBXFrameworksBuildPhase;
			buildActionMask = 2147483647;
			files = (
				3968787A1C43F304005070C7 /* libsqlite3.tbd in Frameworks */,
			);
			runOnlyForDeploymentPostprocessing = 0;
		};
/* End PBXFrameworksBuildPhase section */

/* Begin PBXGroup section */
		3968785B1C43F2C8005070C7 = {
			isa = PBXGroup;
			children = (
				396878791C43F304005070C7 /* libsqlite3.tbd */,
				396878831C43F8C4005070C7 /* data.db */,
				3968787C1C43F425005070C7 /* SQLiteDB */,
				396878661C43F2C8005070C7 /* PokeDex */,
				396878651C43F2C8005070C7 /* Products */,
			);
			sourceTree = "<group>";
		};
		396878651C43F2C8005070C7 /* Products */ = {
			isa = PBXGroup;
			children = (
				396878641C43F2C8005070C7 /* PokeDex.app */,
			);
			name = Products;
			sourceTree = "<group>";
		};
		396878661C43F2C8005070C7 /* PokeDex */ = {
			isa = PBXGroup;
			children = (
				396878671C43F2C8005070C7 /* AppDelegate.swift */,
				396878691C43F2C8005070C7 /* ViewController.swift */,
				396878701C43F2C8005070C7 /* LaunchScreen.storyboard */,
				396878731C43F2C8005070C7 /* Info.plist */,
				396878851C44010A005070C7 /* Assets.xcassets */,
				396878871C440172005070C7 /* PokemonMo.swift */,
				39305E981C491C31006D4BB1 /* Model.swift */,
				39305E9A1C492098006D4BB1 /* Global.swift */,
				393065131C495101006D4BB1 /* PmViewController.swift */,
				39893F0F1C4A9C65003413A0 /* PmInfoView.swift */,
			);
			path = PokeDex;
			sourceTree = "<group>";
		};
		3968787C1C43F425005070C7 /* SQLiteDB */ = {
			isa = PBXGroup;
			children = (
				3968787D1C43F425005070C7 /* SQLiteDB.swift */,
				3968787E1C43F425005070C7 /* SQLTable.swift */,
				3968787F1C43F425005070C7 /* String-Extras.swift */,
				3968787B1C43F360005070C7 /* Header.h */,
			);
			path = SQLiteDB;
			sourceTree = "<group>";
		};
/* End PBXGroup section */

/* Begin PBXNativeTarget section */
		396878631C43F2C8005070C7 /* PokeDex */ = {
			isa = PBXNativeTarget;
			buildConfigurationList = 396878761C43F2C8005070C7 /* Build configuration list for PBXNativeTarget "PokeDex" */;
			buildPhases = (
				396878601C43F2C8005070C7 /* Sources */,
				396878611C43F2C8005070C7 /* Frameworks */,
				396878621C43F2C8005070C7 /* Resources */,
				39305D9D1C46A3E2006D4BB1 /* Embed Watch Content */,
			);
			buildRules = (
			);
			dependencies = (
			);
			name = PokeDex;
			productName = PokeDex;
			productReference = 396878641C43F2C8005070C7 /* PokeDex.app */;
			productType = "com.apple.product-type.application";
		};
/* End PBXNativeTarget section */

/* Begin PBXProject section */
		3968785C1C43F2C8005070C7 /* Project object */ = {
			isa = PBXProject;
			attributes = {
				LastSwiftUpdateCheck = 0720;
				LastUpgradeCheck = 0720;
				ORGANIZATIONNAME = "王怀";
				TargetAttributes = {
					396878631C43F2C8005070C7 = {
						CreatedOnToolsVersion = 7.2;
						DevelopmentTeam = 2N3FCRXTUX;
					};
				};
			};
			buildConfigurationList = 3968785F1C43F2C8005070C7 /* Build configuration list for PBXProject "PokeDex" */;
			compatibilityVersion = "Xcode 3.2";
			developmentRegion = English;
			hasScannedForEncodings = 0;
			knownRegions = (
				en,
				Base,
			);
			mainGroup = 3968785B1C43F2C8005070C7;
			productRefGroup = 396878651C43F2C8005070C7 /* Products */;
			projectDirPath = "";
			projectRoot = "";
			targets = (
				396878631C43F2C8005070C7 /* PokeDex */,
			);
		};
/* End PBXProject section */

/* Begin PBXResourcesBuildPhase section */
		396878621C43F2C8005070C7 /* Resources */ = {
			isa = PBXResourcesBuildPhase;
			buildActionMask = 2147483647;
			files = (
				396878841C43FA03005070C7 /* data.db in Resources */,
				396878721C43F2C8005070C7 /* LaunchScreen.storyboard in Resources */,
				396878861C44010A005070C7 /* Assets.xcassets in Resources */,
			);
			runOnlyForDeploymentPostprocessing = 0;
		};
/* End PBXResourcesBuildPhase section */

/* Begin PBXSourcesBuildPhase section */
		396878601C43F2C8005070C7 /* Sources */ = {
			isa = PBXSourcesBuildPhase;
			buildActionMask = 2147483647;
			files = (
				39305E9B1C492098006D4BB1 /* Global.swift in Sources */,
				39305E991C491C31006D4BB1 /* Model.swift in Sources */,
				396878821C43F425005070C7 /* String-Extras.swift in Sources */,
				396878881C440172005070C7 /* PokemonMo.swift in Sources */,
				396878801C43F425005070C7 /* SQLiteDB.swift in Sources */,
				396878811C43F425005070C7 /* SQLTable.swift in Sources */,
				3968786A1C43F2C8005070C7 /* ViewController.swift in Sources */,
				39893F101C4A9C65003413A0 /* PmInfoView.swift in Sources */,
				393065141C495101006D4BB1 /* PmViewController.swift in Sources */,
				396878681C43F2C8005070C7 /* AppDelegate.swift in Sources */,
			);
			runOnlyForDeploymentPostprocessing = 0;
		};
/* End PBXSourcesBuildPhase section */

/* Begin PBXVariantGroup section */
		396878701C43F2C8005070C7 /* LaunchScreen.storyboard */ = {
			isa = PBXVariantGroup;
			children = (
				396878711C43F2C8005070C7 /* Base */,
			);
			name = LaunchScreen.storyboard;
			sourceTree = "<group>";
		};
/* End PBXVariantGroup section */

/* Begin XCBuildConfiguration section */
		396878741C43F2C8005070C7 /* Debug */ = {
			isa = XCBuildConfiguration;
			buildSettings = {
				ALWAYS_SEARCH_USER_PATHS = NO;
				CLANG_CXX_LANGUAGE_STANDARD = "gnu++0x";
				CLANG_CXX_LIBRARY = "libc++";
				CLANG_ENABLE_MODULES = YES;
				CLANG_ENABLE_OBJC_ARC = YES;
				CLANG_WARN_BOOL_CONVERSION = YES;
				CLANG_WARN_CONSTANT_CONVERSION = YES;
				CLANG_WARN_DIRECT_OBJC_ISA_USAGE = YES_ERROR;
				CLANG_WARN_EMPTY_BODY = YES;
				CLANG_WARN_ENUM_CONVERSION = YES;
				CLANG_WARN_INT_CONVERSION = YES;
				CLANG_WARN_OBJC_ROOT_CLASS = YES_ERROR;
				CLANG_WARN_UNREACHABLE_CODE = YES;
				CLANG_WARN__DUPLICATE_METHOD_MATCH = YES;
				"CODE_SIGN_IDENTITY[sdk=iphoneos*]" = "iPhone Developer";
				COPY_PHASE_STRIP = NO;
				DEBUG_INFORMATION_FORMAT = dwarf;
				ENABLE_STRICT_OBJC_MSGSEND = YES;
				ENABLE_TESTABILITY = YES;
				GCC_C_LANGUAGE_STANDARD = gnu99;
				GCC_DYNAMIC_NO_PIC = NO;
				GCC_NO_COMMON_BLOCKS = YES;
				GCC_OPTIMIZATION_LEVEL = 0;
				GCC_PREPROCESSOR_DEFINITIONS = (
					"DEBUG=1",
					"$(inherited)",
				);
				GCC_WARN_64_TO_32_BIT_CONVERSION = YES;
				GCC_WARN_ABOUT_RETURN_TYPE = YES_ERROR;
				GCC_WARN_UNDECLARED_SELECTOR = YES;
				GCC_WARN_UNINITIALIZED_AUTOS = YES_AGGRESSIVE;
				GCC_WARN_UNUSED_FUNCTION = YES;
				GCC_WARN_UNUSED_VARIABLE = YES;
				IPHONEOS_DEPLOYMENT_TARGET = 9.2;
				MTL_ENABLE_DEBUG_INFO = YES;
				ONLY_ACTIVE_ARCH = YES;
				SDKROOT = iphoneos;
				SWIFT_OPTIMIZATION_LEVEL = "-Onone";
			};
			name = Debug;
		};
		396878751C43F2C8005070C7 /* Release */ = {
			isa = XCBuildConfiguration;
			buildSettings = {
				ALWAYS_SEARCH_USER_PATHS = NO;
				CLANG_CXX_LANGUAGE_STANDARD = "gnu++0x";
				CLANG_CXX_LIBRARY = "libc++";
				CLANG_ENABLE_MODULES = YES;
				CLANG_ENABLE_OBJC_ARC = YES;
				CLANG_WARN_BOOL_CONVERSION = YES;
				CLANG_WARN_CONSTANT_CONVERSION = YES;
				CLANG_WARN_DIRECT_OBJC_ISA_USAGE = YES_ERROR;
				CLANG_WARN_EMPTY_BODY = YES;
				CLANG_WARN_ENUM_CONVERSION = YES;
				CLANG_WARN_INT_CONVERSION = YES;
				CLANG_WARN_OBJC_ROOT_CLASS = YES_ERROR;
				CLANG_WARN_UNREACHABLE_CODE = YES;
				CLANG_WARN__DUPLICATE_METHOD_MATCH = YES;
				"CODE_SIGN_IDENTITY[sdk=iphoneos*]" = "iPhone Developer";
				COPY_PHASE_STRIP = NO;
				DEBUG_INFORMATION_FORMAT = "dwarf-with-dsym";
				ENABLE_NS_ASSERTIONS = NO;
				ENABLE_STRICT_OBJC_MSGSEND = YES;
				GCC_C_LANGUAGE_STANDARD = gnu99;
				GCC_NO_COMMON_BLOCKS = YES;
				GCC_WARN_64_TO_32_BIT_CONVERSION = YES;
				GCC_WARN_ABOUT_RETURN_TYPE = YES_ERROR;
				GCC_WARN_UNDECLARED_SELECTOR = YES;
				GCC_WARN_UNINITIALIZED_AUTOS = YES_AGGRESSIVE;
				GCC_WARN_UNUSED_FUNCTION = YES;
				GCC_WARN_UNUSED_VARIABLE = YES;
				IPHONEOS_DEPLOYMENT_TARGET = 9.2;
				MTL_ENABLE_DEBUG_INFO = NO;
				SDKROOT = iphoneos;
				VALIDATE_PRODUCT = YES;
			};
			name = Release;
		};
		396878771C43F2C8005070C7 /* Debug */ = {
			isa = XCBuildConfiguration;
			buildSettings = {
				ASSETCATALOG_COMPILER_APPICON_NAME = AppIcon;
				INFOPLIST_FILE = PokeDex/Info.plist;
				LD_RUNPATH_SEARCH_PATHS = "$(inherited) @executable_path/Frameworks";
				PRODUCT_BUNDLE_IDENTIFIER = com.wanghuai.PokeDex;
				PRODUCT_NAME = "$(TARGET_NAME)";
				SWIFT_OBJC_BRIDGING_HEADER = PokeDex/Header.h;
			};
			name = Debug;
		};
		396878781C43F2C8005070C7 /* Release */ = {
			isa = XCBuildConfiguration;
			buildSettings = {
				ASSETCATALOG_COMPILER_APPICON_NAME = AppIcon;
				INFOPLIST_FILE = PokeDex/Info.plist;
				LD_RUNPATH_SEARCH_PATHS = "$(inherited) @executable_path/Frameworks";
				PRODUCT_BUNDLE_IDENTIFIER = com.wanghuai.PokeDex;
				PRODUCT_NAME = "$(TARGET_NAME)";
				SWIFT_OBJC_BRIDGING_HEADER = PokeDex/Header.h;
			};
			name = Release;
		};
/* End XCBuildConfiguration section */

/* Begin XCConfigurationList section */
		3968785F1C43F2C8005070C7 /* Build configuration list for PBXProject "PokeDex" */ = {
			isa = XCConfigurationList;
			buildConfigurations = (
				396878741C43F2C8005070C7 /* Debug */,
				396878751C43F2C8005070C7 /* Release */,
			);
			defaultConfigurationIsVisible = 0;
			defaultConfigurationName = Release;
		};
		396878761C43F2C8005070C7 /* Build configuration list for PBXNativeTarget "PokeDex" */ = {
			isa = XCConfigurationList;
			buildConfigurations = (
				396878771C43F2C8005070C7 /* Debug */,
				396878781C43F2C8005070C7 /* Release */,
			);
			defaultConfigurationIsVisible = 0;
			defaultConfigurationName = Release;
		};
/* End XCConfigurationList section */
	};
	rootObject = 3968785C1C43F2C8005070C7 /* Project object */;
}
